PODS:
  - EasyTipView (1.0.2)
  - Google-Mobile-Ads-SDK (7.31.0)
  - SwiftyStoreKit (0.13.3)

DEPENDENCIES:
  - EasyTipView
  - Google-Mobile-Ads-SDK
  - SwiftyStoreKit

SPEC REPOS:
  https://github.com/CocoaPods/Specs.git:
    - EasyTipView
    - Google-Mobile-Ads-SDK
    - SwiftyStoreKit

SPEC CHECKSUMS:
  EasyTipView: b93a19be981cc2221d6d7191d49872f547e0bebf
  Google-Mobile-Ads-SDK: 6e529e748b45507a2ca904e0b5a52669ba3920c4
  SwiftyStoreKit: 9ebd15971e28aa2989825fe8bc092eb5f75dd0b2

PODFILE CHECKSUM: 07ede64ae61a4317a8317a1e8e50a437c4066f8f

COCOAPODS: 1.5.0
