// !$*UTF8*$!
{
	archiveVersion = 1;
	classes = {
	};
	objectVersion = 48;
	objects = {

/* Begin PBXBuildFile section */
		4F07DDF61FF0456D00395BEF /* Extensions.swift in Sources */ = {isa = PBXBuildFile; fileRef = 4F07DDF51FF0456D00395BEF /* Extensions.swift */; };
		4F12FF821FFEB98000710EAA /* SearchResultTableViewController.swift in Sources */ = {isa = PBXBuildFile; fileRef = 4F12FF811FFEB98000710EAA /* SearchResultTableViewController.swift */; };
		4F12FF861FFEC02100710EAA /* Initializer.swift in Sources */ = {isa = PBXBuildFile; fileRef = 4F12FF851FFEC02100710EAA /* Initializer.swift */; };
		4F34E60B20080AED00836171 /* RememberedWordsTableViewController.swift in Sources */ = {isa = PBXBuildFile; fileRef = 4F34E60A20080AED00836171 /* RememberedWordsTableViewController.swift */; };
		4F6D710A1FEAF1490014FC39 /* AppDelegate.swift in Sources */ = {isa = PBXBuildFile; fileRef = 4F6D71091FEAF1490014FC39 /* AppDelegate.swift */; };
		4F6D710F1FEAF1490014FC39 /* Main.storyboard in Resources */ = {isa = PBXBuildFile; fileRef = 4F6D710D1FEAF1490014FC39 /* Main.storyboard */; };
		4F6D71111FEAF1490014FC39 /* Assets.xcassets in Resources */ = {isa = PBXBuildFile; fileRef = 4F6D71101FEAF1490014FC39 /* Assets.xcassets */; };
		4F6D71141FEAF1490014FC39 /* LaunchScreen.storyboard in Resources */ = {isa = PBXBuildFile; fileRef = 4F6D71121FEAF1490014FC39 /* LaunchScreen.storyboard */; };
		4F6D71231FEAF3700014FC39 /* MainTableViewController.swift in Sources */ = {isa = PBXBuildFile; fileRef = 4F6D71221FEAF3700014FC39 /* MainTableViewController.swift */; };
		4F6D71261FEAF3C70014FC39 /* WordTableViewCell.swift in Sources */ = {isa = PBXBuildFile; fileRef = 4F6D71251FEAF3C70014FC39 /* WordTableViewCell.swift */; };
		4F6D71281FEAF3D80014FC39 /* SectionTableViewCell.swift in Sources */ = {isa = PBXBuildFile; fileRef = 4F6D71271FEAF3D80014FC39 /* SectionTableViewCell.swift */; };
		4F6D712B1FEAF74E0014FC39 /* Models.swift in Sources */ = {isa = PBXBuildFile; fileRef = 4F6D712A1FEAF74E0014FC39 /* Models.swift */; };
		4F6D712E1FEAFF1F0014FC39 /* Constants.swift in Sources */ = {isa = PBXBuildFile; fileRef = 4F6D712D1FEAFF1F0014FC39 /* Constants.swift */; };
		4F6D71301FEAFFF80014FC39 /* Helpers.swift in Sources */ = {isa = PBXBuildFile; fileRef = 4F6D712F1FEAFFF80014FC39 /* Helpers.swift */; };
		4FE622BA1FF6B7F900C61957 /* RememberedWords.xcdatamodeld in Sources */ = {isa = PBXBuildFile; fileRef = 4FE622B81FF6B7F900C61957 /* RememberedWords.xcdatamodeld */; };
		4FEF91031FEB09E2002D48A8 /* Words_English.csv in Resources */ = {isa = PBXBuildFile; fileRef = 4FEF91011FEB08DA002D48A8 /* Words_English.csv */; };
		4FF44FD120040AD800947EC2 /* UserStatus.swift in Sources */ = {isa = PBXBuildFile; fileRef = 4FF44FD020040AD800947EC2 /* UserStatus.swift */; };
		4FFA9DE720069DEE00559C8F /* SettingsTableViewController.swift in Sources */ = {isa = PBXBuildFile; fileRef = 4FFA9DE620069DEE00559C8F /* SettingsTableViewController.swift */; };
		4FFA9DE92006A0C100559C8F /* Alert.swift in Sources */ = {isa = PBXBuildFile; fileRef = 4FFA9DE82006A0C100559C8F /* Alert.swift */; };
		4FFA9DEB2006AC1100559C8F /* StoreKit.framework in Frameworks */ = {isa = PBXBuildFile; fileRef = 4FFA9DEA2006AC1100559C8F /* StoreKit.framework */; };
		5569BFA1099BAA6E295BDBC3 /* Pods_English_Words.framework in Frameworks */ = {isa = PBXBuildFile; fileRef = 0B2CFB607BA1591B565F3C89 /* Pods_English_Words.framework */; };
		DA4DF64D2197576F00861540 /* WebViewController.swift in Sources */ = {isa = PBXBuildFile; fileRef = DA4DF64C2197576F00861540 /* WebViewController.swift */; };
		DA6D09D6219F286D008AEB1A /* StoreReviewHelper.swift in Sources */ = {isa = PBXBuildFile; fileRef = DA6D09D5219F286D008AEB1A /* StoreReviewHelper.swift */; };
		DA6D09D8219F2E2C008AEB1A /* GoogleService-Info.plist in Resources */ = {isa = PBXBuildFile; fileRef = DA6D09D7219F2E2C008AEB1A /* GoogleService-Info.plist */; };
		DA6E154A218F8F8B0051F657 /* WordDetailsViewController.swift in Sources */ = {isa = PBXBuildFile; fileRef = DA6E1549218F8F8B0051F657 /* WordDetailsViewController.swift */; };
		DA7F8ADC21A1FE6D00529D07 /* UpgradeVersionManager.swift in Sources */ = {isa = PBXBuildFile; fileRef = DA7F8ADB21A1FE6D00529D07 /* UpgradeVersionManager.swift */; };
		DA94160A2108BE6A00147F5B /* SectionView.xib in Resources */ = {isa = PBXBuildFile; fileRef = DA9416092108BE6A00147F5B /* SectionView.xib */; };
		DAC88FE820FE14AA00C3FE94 /* MainViewModel.swift in Sources */ = {isa = PBXBuildFile; fileRef = DAC88FE720FE14AA00C3FE94 /* MainViewModel.swift */; };
		DAC88FEA20FE163700C3FE94 /* ViewModelDelegate.swift in Sources */ = {isa = PBXBuildFile; fileRef = DAC88FE920FE163700C3FE94 /* ViewModelDelegate.swift */; };
		DAC88FEC20FE19C400C3FE94 /* WordObjectManager.swift in Sources */ = {isa = PBXBuildFile; fileRef = DAC88FEB20FE19C400C3FE94 /* WordObjectManager.swift */; };
		DAC88FEE20FE257C00C3FE94 /* Loader.swift in Sources */ = {isa = PBXBuildFile; fileRef = DAC88FED20FE257C00C3FE94 /* Loader.swift */; };
/* End PBXBuildFile section */

/* Begin PBXFileReference section */
		0B2CFB607BA1591B565F3C89 /* Pods_English_Words.framework */ = {isa = PBXFileReference; explicitFileType = wrapper.framework; includeInIndex = 0; path = Pods_English_Words.framework; sourceTree = BUILT_PRODUCTS_DIR; };
		35E8AD76A6DFD43E122C7B3E /* Pods-English Words.release.xcconfig */ = {isa = PBXFileReference; includeInIndex = 1; lastKnownFileType = text.xcconfig; name = "Pods-English Words.release.xcconfig"; path = "Pods/Target Support Files/Pods-English Words/Pods-English Words.release.xcconfig"; sourceTree = "<group>"; };
		4F07DDF51FF0456D00395BEF /* Extensions.swift */ = {isa = PBXFileReference; lastKnownFileType = sourcecode.swift; path = Extensions.swift; sourceTree = "<group>"; };
		4F12FF811FFEB98000710EAA /* SearchResultTableViewController.swift */ = {isa = PBXFileReference; lastKnownFileType = sourcecode.swift; path = SearchResultTableViewController.swift; sourceTree = "<group>"; };
		4F12FF851FFEC02100710EAA /* Initializer.swift */ = {isa = PBXFileReference; lastKnownFileType = sourcecode.swift; path = Initializer.swift; sourceTree = "<group>"; };
		4F34E60A20080AED00836171 /* RememberedWordsTableViewController.swift */ = {isa = PBXFileReference; lastKnownFileType = sourcecode.swift; path = RememberedWordsTableViewController.swift; sourceTree = "<group>"; };
		4F6D71061FEAF1490014FC39 /* English Words.app */ = {isa = PBXFileReference; explicitFileType = wrapper.application; includeInIndex = 0; path = "English Words.app"; sourceTree = BUILT_PRODUCTS_DIR; };
		4F6D71091FEAF1490014FC39 /* AppDelegate.swift */ = {isa = PBXFileReference; lastKnownFileType = sourcecode.swift; path = AppDelegate.swift; sourceTree = "<group>"; };
		4F6D710E1FEAF1490014FC39 /* Base */ = {isa = PBXFileReference; lastKnownFileType = file.storyboard; name = Base; path = Base.lproj/Main.storyboard; sourceTree = "<group>"; };
		4F6D71101FEAF1490014FC39 /* Assets.xcassets */ = {isa = PBXFileReference; lastKnownFileType = folder.assetcatalog; path = Assets.xcassets; sourceTree = "<group>"; };
		4F6D71131FEAF1490014FC39 /* Base */ = {isa = PBXFileReference; lastKnownFileType = file.storyboard; name = Base; path = Base.lproj/LaunchScreen.storyboard; sourceTree = "<group>"; };
		4F6D71151FEAF1490014FC39 /* Info.plist */ = {isa = PBXFileReference; lastKnownFileType = text.plist.xml; path = Info.plist; sourceTree = "<group>"; };
		4F6D71221FEAF3700014FC39 /* MainTableViewController.swift */ = {isa = PBXFileReference; lastKnownFileType = sourcecode.swift; path = MainTableViewController.swift; sourceTree = "<group>"; };
		4F6D71251FEAF3C70014FC39 /* WordTableViewCell.swift */ = {isa = PBXFileReference; lastKnownFileType = sourcecode.swift; path = WordTableViewCell.swift; sourceTree = "<group>"; };
		4F6D71271FEAF3D80014FC39 /* SectionTableViewCell.swift */ = {isa = PBXFileReference; lastKnownFileType = sourcecode.swift; path = SectionTableViewCell.swift; sourceTree = "<group>"; };
		4F6D712A1FEAF74E0014FC39 /* Models.swift */ = {isa = PBXFileReference; lastKnownFileType = sourcecode.swift; path = Models.swift; sourceTree = "<group>"; };
		4F6D712D1FEAFF1F0014FC39 /* Constants.swift */ = {isa = PBXFileReference; lastKnownFileType = sourcecode.swift; path = Constants.swift; sourceTree = "<group>"; };
		4F6D712F1FEAFFF80014FC39 /* Helpers.swift */ = {isa = PBXFileReference; lastKnownFileType = sourcecode.swift; path = Helpers.swift; sourceTree = "<group>"; };
		4FE622B91FF6B7F900C61957 /* RememberedWords.xcdatamodel */ = {isa = PBXFileReference; lastKnownFileType = wrapper.xcdatamodel; path = RememberedWords.xcdatamodel; sourceTree = "<group>"; };
		4FEF91011FEB08DA002D48A8 /* Words_English.csv */ = {isa = PBXFileReference; lastKnownFileType = text; path = Words_English.csv; sourceTree = "<group>"; };
		4FF44FD020040AD800947EC2 /* UserStatus.swift */ = {isa = PBXFileReference; lastKnownFileType = sourcecode.swift; path = UserStatus.swift; sourceTree = "<group>"; };
		4FFA9DE620069DEE00559C8F /* SettingsTableViewController.swift */ = {isa = PBXFileReference; lastKnownFileType = sourcecode.swift; path = SettingsTableViewController.swift; sourceTree = "<group>"; };
		4FFA9DE82006A0C100559C8F /* Alert.swift */ = {isa = PBXFileReference; lastKnownFileType = sourcecode.swift; path = Alert.swift; sourceTree = "<group>"; };
		4FFA9DEA2006AC1100559C8F /* StoreKit.framework */ = {isa = PBXFileReference; lastKnownFileType = wrapper.framework; name = StoreKit.framework; path = System/Library/Frameworks/StoreKit.framework; sourceTree = SDKROOT; };
		AE73155B69956D899A87A16B /* Pods-English Words.debug.xcconfig */ = {isa = PBXFileReference; includeInIndex = 1; lastKnownFileType = text.xcconfig; name = "Pods-English Words.debug.xcconfig"; path = "Pods/Target Support Files/Pods-English Words/Pods-English Words.debug.xcconfig"; sourceTree = "<group>"; };
		DA4DF64C2197576F00861540 /* WebViewController.swift */ = {isa = PBXFileReference; lastKnownFileType = sourcecode.swift; path = WebViewController.swift; sourceTree = "<group>"; };
		DA6D09D5219F286D008AEB1A /* StoreReviewHelper.swift */ = {isa = PBXFileReference; lastKnownFileType = sourcecode.swift; path = StoreReviewHelper.swift; sourceTree = "<group>"; };
		DA6D09D7219F2E2C008AEB1A /* GoogleService-Info.plist */ = {isa = PBXFileReference; fileEncoding = 4; lastKnownFileType = text.plist.xml; path = "GoogleService-Info.plist"; sourceTree = "<group>"; };
		DA6E1549218F8F8B0051F657 /* WordDetailsViewController.swift */ = {isa = PBXFileReference; lastKnownFileType = sourcecode.swift; path = WordDetailsViewController.swift; sourceTree = "<group>"; };
		DA7F8ADB21A1FE6D00529D07 /* UpgradeVersionManager.swift */ = {isa = PBXFileReference; lastKnownFileType = sourcecode.swift; path = UpgradeVersionManager.swift; sourceTree = "<group>"; };
		DA9416092108BE6A00147F5B /* SectionView.xib */ = {isa = PBXFileReference; lastKnownFileType = file.xib; path = SectionView.xib; sourceTree = "<group>"; };
		DAC88FE720FE14AA00C3FE94 /* MainViewModel.swift */ = {isa = PBXFileReference; lastKnownFileType = sourcecode.swift; path = MainViewModel.swift; sourceTree = "<group>"; };
		DAC88FE920FE163700C3FE94 /* ViewModelDelegate.swift */ = {isa = PBXFileReference; lastKnownFileType = sourcecode.swift; path = ViewModelDelegate.swift; sourceTree = "<group>"; };
		DAC88FEB20FE19C400C3FE94 /* WordObjectManager.swift */ = {isa = PBXFileReference; lastKnownFileType = sourcecode.swift; path = WordObjectManager.swift; sourceTree = "<group>"; };
		DAC88FED20FE257C00C3FE94 /* Loader.swift */ = {isa = PBXFileReference; lastKnownFileType = sourcecode.swift; path = Loader.swift; sourceTree = "<group>"; };
/* End PBXFileReference section */

/* Begin PBXFrameworksBuildPhase section */
		4F6D71031FEAF1490014FC39 /* Frameworks */ = {
			isa = PBXFrameworksBuildPhase;
			buildActionMask = 2147483647;
			files = (
				5569BFA1099BAA6E295BDBC3 /* Pods_English_Words.framework in Frameworks */,
				4FFA9DEB2006AC1100559C8F /* StoreKit.framework in Frameworks */,
			);
			runOnlyForDeploymentPostprocessing = 0;
		};
/* End PBXFrameworksBuildPhase section */

/* Begin PBXGroup section */
		4F6D70FD1FEAF1490014FC39 = {
			isa = PBXGroup;
			children = (
				4F6D71081FEAF1490014FC39 /* English Words */,
				4F6D71151FEAF1490014FC39 /* Info.plist */,
				DA6D09D7219F2E2C008AEB1A /* GoogleService-Info.plist */,
				4F6D71071FEAF1490014FC39 /* Products */,
				BBF655BE4F0FBD7F4C279D31 /* Pods */,
				6CD6AB9613EE6B9108E9F8EA /* Frameworks */,
			);
			sourceTree = "<group>";
		};
		4F6D71071FEAF1490014FC39 /* Products */ = {
			isa = PBXGroup;
			children = (
				4F6D71061FEAF1490014FC39 /* English Words.app */,
			);
			name = Products;
			sourceTree = "<group>";
		};
		4F6D71081FEAF1490014FC39 /* English Words */ = {
			isa = PBXGroup;
			children = (
				DAC88FE520FE145D00C3FE94 /* Moduls */,
				4F6D71311FEB00AB0014FC39 /* 💰Resources */,
				4F6D712C1FEAFEFA0014FC39 /* 💵Helpers */,
				4F6D71291FEAF70C0014FC39 /* ⚔️Models */,
				4F6D71241FEAF39B0014FC39 /* 🛢Custome Cells */,
				4F6D711F1FEAF1B10014FC39 /* 📋Plist */,
				4F6D711E1FEAF1A20014FC39 /* 🌄Images */,
				4F6D711B1FEAF15F0014FC39 /* 💼Delegate */,
			);
			path = "English Words";
			sourceTree = "<group>";
		};
		4F6D711B1FEAF15F0014FC39 /* 💼Delegate */ = {
			isa = PBXGroup;
			children = (
				4F6D71091FEAF1490014FC39 /* AppDelegate.swift */,
			);
			path = "💼Delegate";
			sourceTree = "<group>";
		};
		4F6D711C1FEAF1750014FC39 /* 🔨Controllers */ = {
			isa = PBXGroup;
			children = (
				DA4DF64B2197575700861540 /* Web Controller */,
				DA6E1548218F8F6E0051F657 /* Word Details */,
				DAC88FE620FE148A00C3FE94 /* Main Controller */,
				4F12FF811FFEB98000710EAA /* SearchResultTableViewController.swift */,
				4FFA9DE620069DEE00559C8F /* SettingsTableViewController.swift */,
				4F34E60A20080AED00836171 /* RememberedWordsTableViewController.swift */,
			);
			path = "🔨Controllers";
			sourceTree = "<group>";
		};
		4F6D711D1FEAF18B0014FC39 /* 🖥Views */ = {
			isa = PBXGroup;
			children = (
				4F6D71121FEAF1490014FC39 /* LaunchScreen.storyboard */,
				4F6D710D1FEAF1490014FC39 /* Main.storyboard */,
				DA9416092108BE6A00147F5B /* SectionView.xib */,
			);
			path = "🖥Views";
			sourceTree = "<group>";
		};
		4F6D711E1FEAF1A20014FC39 /* 🌄Images */ = {
			isa = PBXGroup;
			children = (
				4F6D71101FEAF1490014FC39 /* Assets.xcassets */,
			);
			path = "🌄Images";
			sourceTree = "<group>";
		};
		4F6D711F1FEAF1B10014FC39 /* 📋Plist */ = {
			isa = PBXGroup;
			children = (
			);
			path = "📋Plist";
			sourceTree = "<group>";
		};
		4F6D71241FEAF39B0014FC39 /* 🛢Custome Cells */ = {
			isa = PBXGroup;
			children = (
				4F6D71251FEAF3C70014FC39 /* WordTableViewCell.swift */,
				4F6D71271FEAF3D80014FC39 /* SectionTableViewCell.swift */,
			);
			path = "🛢Custome Cells";
			sourceTree = "<group>";
		};
		4F6D71291FEAF70C0014FC39 /* ⚔️Models */ = {
			isa = PBXGroup;
			children = (
				4F6D712A1FEAF74E0014FC39 /* Models.swift */,
			);
			path = "⚔️Models";
			sourceTree = "<group>";
		};
		4F6D712C1FEAFEFA0014FC39 /* 💵Helpers */ = {
			isa = PBXGroup;
			children = (
				4F6D712D1FEAFF1F0014FC39 /* Constants.swift */,
				4F6D712F1FEAFFF80014FC39 /* Helpers.swift */,
				4F07DDF51FF0456D00395BEF /* Extensions.swift */,
				4F12FF851FFEC02100710EAA /* Initializer.swift */,
				4FF44FD020040AD800947EC2 /* UserStatus.swift */,
				4FFA9DE82006A0C100559C8F /* Alert.swift */,
				DAC88FE920FE163700C3FE94 /* ViewModelDelegate.swift */,
				DAC88FEB20FE19C400C3FE94 /* WordObjectManager.swift */,
				DAC88FED20FE257C00C3FE94 /* Loader.swift */,
				DA6D09D5219F286D008AEB1A /* StoreReviewHelper.swift */,
				DA7F8ADB21A1FE6D00529D07 /* UpgradeVersionManager.swift */,
			);
			path = "💵Helpers";
			sourceTree = "<group>";
		};
		4F6D71311FEB00AB0014FC39 /* 💰Resources */ = {
			isa = PBXGroup;
			children = (
				4FEF91011FEB08DA002D48A8 /* Words_English.csv */,
				4FE622B81FF6B7F900C61957 /* RememberedWords.xcdatamodeld */,
			);
			path = "💰Resources";
			sourceTree = "<group>";
		};
		6CD6AB9613EE6B9108E9F8EA /* Frameworks */ = {
			isa = PBXGroup;
			children = (
				4FFA9DEA2006AC1100559C8F /* StoreKit.framework */,
				0B2CFB607BA1591B565F3C89 /* Pods_English_Words.framework */,
			);
			name = Frameworks;
			sourceTree = "<group>";
		};
		BBF655BE4F0FBD7F4C279D31 /* Pods */ = {
			isa = PBXGroup;
			children = (
				AE73155B69956D899A87A16B /* Pods-English Words.debug.xcconfig */,
				35E8AD76A6DFD43E122C7B3E /* Pods-English Words.release.xcconfig */,
			);
			name = Pods;
			sourceTree = "<group>";
		};
		DA4DF64B2197575700861540 /* Web Controller */ = {
			isa = PBXGroup;
			children = (
				DA4DF64C2197576F00861540 /* WebViewController.swift */,
			);
			path = "Web Controller";
			sourceTree = "<group>";
		};
		DA6E1548218F8F6E0051F657 /* Word Details */ = {
			isa = PBXGroup;
			children = (
				DA6E1549218F8F8B0051F657 /* WordDetailsViewController.swift */,
			);
			path = "Word Details";
			sourceTree = "<group>";
		};
		DAC88FE520FE145D00C3FE94 /* Moduls */ = {
			isa = PBXGroup;
			children = (
				4F6D711C1FEAF1750014FC39 /* 🔨Controllers */,
				4F6D711D1FEAF18B0014FC39 /* 🖥Views */,
			);
			path = Moduls;
			sourceTree = "<group>";
		};
		DAC88FE620FE148A00C3FE94 /* Main Controller */ = {
			isa = PBXGroup;
			children = (
				4F6D71221FEAF3700014FC39 /* MainTableViewController.swift */,
				DAC88FE720FE14AA00C3FE94 /* MainViewModel.swift */,
			);
			path = "Main Controller";
			sourceTree = "<group>";
		};
/* End PBXGroup section */

/* Begin PBXNativeTarget section */
		4F6D71051FEAF1490014FC39 /* English Words */ = {
			isa = PBXNativeTarget;
			buildConfigurationList = 4F6D71181FEAF1490014FC39 /* Build configuration list for PBXNativeTarget "English Words" */;
			buildPhases = (
				61AF08D2E9DA0828E45F5DF7 /* [CP] Check Pods Manifest.lock */,
				4F6D71021FEAF1490014FC39 /* Sources */,
				4F6D71031FEAF1490014FC39 /* Frameworks */,
				4F6D71041FEAF1490014FC39 /* Resources */,
				4A65704584FC4C211BD1BCD9 /* [CP] Embed Pods Frameworks */,
			);
			buildRules = (
			);
			dependencies = (
			);
			name = "English Words";
			productName = "English Words";
			productReference = 4F6D71061FEAF1490014FC39 /* English Words.app */;
			productType = "com.apple.product-type.application";
		};
/* End PBXNativeTarget section */

/* Begin PBXProject section */
		4F6D70FE1FEAF1490014FC39 /* Project object */ = {
			isa = PBXProject;
			attributes = {
				LastSwiftUpdateCheck = 0900;
				LastUpgradeCheck = 0930;
				ORGANIZATIONNAME = mac;
				TargetAttributes = {
					4F6D71051FEAF1490014FC39 = {
						CreatedOnToolsVersion = 9.0;
						ProvisioningStyle = Automatic;
						SystemCapabilities = {
							com.apple.InAppPurchase = {
								enabled = 1;
							};
						};
					};
				};
			};
			buildConfigurationList = 4F6D71011FEAF1490014FC39 /* Build configuration list for PBXProject "English Words" */;
			compatibilityVersion = "Xcode 8.0";
			developmentRegion = en;
			hasScannedForEncodings = 0;
			knownRegions = (
				en,
				Base,
			);
			mainGroup = 4F6D70FD1FEAF1490014FC39;
			productRefGroup = 4F6D71071FEAF1490014FC39 /* Products */;
			projectDirPath = "";
			projectRoot = "";
			targets = (
				4F6D71051FEAF1490014FC39 /* English Words */,
			);
		};
/* End PBXProject section */

/* Begin PBXResourcesBuildPhase section */
		4F6D71041FEAF1490014FC39 /* Resources */ = {
			isa = PBXResourcesBuildPhase;
			buildActionMask = 2147483647;
			files = (
				4FEF91031FEB09E2002D48A8 /* Words_English.csv in Resources */,
				DA94160A2108BE6A00147F5B /* SectionView.xib in Resources */,
				4F6D71141FEAF1490014FC39 /* LaunchScreen.storyboard in Resources */,
				DA6D09D8219F2E2C008AEB1A /* GoogleService-Info.plist in Resources */,
				4F6D71111FEAF1490014FC39 /* Assets.xcassets in Resources */,
				4F6D710F1FEAF1490014FC39 /* Main.storyboard in Resources */,
			);
			runOnlyForDeploymentPostprocessing = 0;
		};
/* End PBXResourcesBuildPhase section */

/* Begin PBXShellScriptBuildPhase section */
		4A65704584FC4C211BD1BCD9 /* [CP] Embed Pods Frameworks */ = {
			isa = PBXShellScriptBuildPhase;
			buildActionMask = 2147483647;
			files = (
			);
			inputPaths = (
				"${SRCROOT}/Pods/Target Support Files/Pods-English Words/Pods-English Words-frameworks.sh",
				"${BUILT_PRODUCTS_DIR}/GoogleUtilities/GoogleUtilities.framework",
				"${BUILT_PRODUCTS_DIR}/SwiftyStoreKit/SwiftyStoreKit.framework",
				"${BUILT_PRODUCTS_DIR}/nanopb/nanopb.framework",
			);
			name = "[CP] Embed Pods Frameworks";
			outputPaths = (
				"${TARGET_BUILD_DIR}/${FRAMEWORKS_FOLDER_PATH}/GoogleUtilities.framework",
				"${TARGET_BUILD_DIR}/${FRAMEWORKS_FOLDER_PATH}/SwiftyStoreKit.framework",
				"${TARGET_BUILD_DIR}/${FRAMEWORKS_FOLDER_PATH}/nanopb.framework",
			);
			runOnlyForDeploymentPostprocessing = 0;
			shellPath = /bin/sh;
			shellScript = "\"${SRCROOT}/Pods/Target Support Files/Pods-English Words/Pods-English Words-frameworks.sh\"\n";
			showEnvVarsInLog = 0;
		};
		61AF08D2E9DA0828E45F5DF7 /* [CP] Check Pods Manifest.lock */ = {
			isa = PBXShellScriptBuildPhase;
			buildActionMask = 2147483647;
			files = (
			);
			inputPaths = (
				"${PODS_PODFILE_DIR_PATH}/Podfile.lock",
				"${PODS_ROOT}/Manifest.lock",
			);
			name = "[CP] Check Pods Manifest.lock";
			outputPaths = (
				"$(DERIVED_FILE_DIR)/Pods-English Words-checkManifestLockResult.txt",
			);
			runOnlyForDeploymentPostprocessing = 0;
			shellPath = /bin/sh;
			shellScript = "diff \"${PODS_PODFILE_DIR_PATH}/Podfile.lock\" \"${PODS_ROOT}/Manifest.lock\" > /dev/null\nif [ $? != 0 ] ; then\n    # print error to STDERR\n    echo \"error: The sandbox is not in sync with the Podfile.lock. Run 'pod install' or update your CocoaPods installation.\" >&2\n    exit 1\nfi\n# This output is used by Xcode 'outputs' to avoid re-running this script phase.\necho \"SUCCESS\" > \"${SCRIPT_OUTPUT_FILE_0}\"\n";
			showEnvVarsInLog = 0;
		};
/* End PBXShellScriptBuildPhase section */

/* Begin PBXSourcesBuildPhase section */
		4F6D71021FEAF1490014FC39 /* Sources */ = {
			isa = PBXSourcesBuildPhase;
			buildActionMask = 2147483647;
			files = (
				4F6D710A1FEAF1490014FC39 /* AppDelegate.swift in Sources */,
				DA4DF64D2197576F00861540 /* WebViewController.swift in Sources */,
				4F34E60B20080AED00836171 /* RememberedWordsTableViewController.swift in Sources */,
				4F6D71301FEAFFF80014FC39 /* Helpers.swift in Sources */,
				4F6D71281FEAF3D80014FC39 /* SectionTableViewCell.swift in Sources */,
				4FFA9DE92006A0C100559C8F /* Alert.swift in Sources */,
				4F07DDF61FF0456D00395BEF /* Extensions.swift in Sources */,
				4F12FF821FFEB98000710EAA /* SearchResultTableViewController.swift in Sources */,
				4F6D71261FEAF3C70014FC39 /* WordTableViewCell.swift in Sources */,
				DA6D09D6219F286D008AEB1A /* StoreReviewHelper.swift in Sources */,
				DA6E154A218F8F8B0051F657 /* WordDetailsViewController.swift in Sources */,
				DAC88FE820FE14AA00C3FE94 /* MainViewModel.swift in Sources */,
				4FFA9DE720069DEE00559C8F /* SettingsTableViewController.swift in Sources */,
				DAC88FEC20FE19C400C3FE94 /* WordObjectManager.swift in Sources */,
				4F6D71231FEAF3700014FC39 /* MainTableViewController.swift in Sources */,
				4F12FF861FFEC02100710EAA /* Initializer.swift in Sources */,
				DAC88FEE20FE257C00C3FE94 /* Loader.swift in Sources */,
				DAC88FEA20FE163700C3FE94 /* ViewModelDelegate.swift in Sources */,
				4FF44FD120040AD800947EC2 /* UserStatus.swift in Sources */,
				4F6D712B1FEAF74E0014FC39 /* Models.swift in Sources */,
				DA7F8ADC21A1FE6D00529D07 /* UpgradeVersionManager.swift in Sources */,
				4FE622BA1FF6B7F900C61957 /* RememberedWords.xcdatamodeld in Sources */,
				4F6D712E1FEAFF1F0014FC39 /* Constants.swift in Sources */,
			);
			runOnlyForDeploymentPostprocessing = 0;
		};
/* End PBXSourcesBuildPhase section */

/* Begin PBXVariantGroup section */
		4F6D710D1FEAF1490014FC39 /* Main.storyboard */ = {
			isa = PBXVariantGroup;
			children = (
				4F6D710E1FEAF1490014FC39 /* Base */,
			);
			name = Main.storyboard;
			sourceTree = "<group>";
		};
		4F6D71121FEAF1490014FC39 /* LaunchScreen.storyboard */ = {
			isa = PBXVariantGroup;
			children = (
				4F6D71131FEAF1490014FC39 /* Base */,
			);
			name = LaunchScreen.storyboard;
			sourceTree = "<group>";
		};
/* End PBXVariantGroup section */

/* Begin XCBuildConfiguration section */
		4F6D71161FEAF1490014FC39 /* Debug */ = {
			isa = XCBuildConfiguration;
			buildSettings = {
				ALWAYS_SEARCH_USER_PATHS = NO;
				CLANG_ANALYZER_NONNULL = YES;
				CLANG_ANALYZER_NUMBER_OBJECT_CONVERSION = YES_AGGRESSIVE;
				CLANG_CXX_LANGUAGE_STANDARD = "gnu++14";
				CLANG_CXX_LIBRARY = "libc++";
				CLANG_ENABLE_MODULES = YES;
				CLANG_ENABLE_OBJC_ARC = YES;
				CLANG_WARN_BLOCK_CAPTURE_AUTORELEASING = YES;
				CLANG_WARN_BOOL_CONVERSION = YES;
				CLANG_WARN_COMMA = YES;
				CLANG_WARN_CONSTANT_CONVERSION = YES;
				CLANG_WARN_DEPRECATED_OBJC_IMPLEMENTATIONS = YES;
				CLANG_WARN_DIRECT_OBJC_ISA_USAGE = YES_ERROR;
				CLANG_WARN_DOCUMENTATION_COMMENTS = YES;
				CLANG_WARN_EMPTY_BODY = YES;
				CLANG_WARN_ENUM_CONVERSION = YES;
				CLANG_WARN_INFINITE_RECURSION = YES;
				CLANG_WARN_INT_CONVERSION = YES;
				CLANG_WARN_NON_LITERAL_NULL_CONVERSION = YES;
				CLANG_WARN_OBJC_IMPLICIT_RETAIN_SELF = YES;
				CLANG_WARN_OBJC_LITERAL_CONVERSION = YES;
				CLANG_WARN_OBJC_ROOT_CLASS = YES_ERROR;
				CLANG_WARN_RANGE_LOOP_ANALYSIS = YES;
				CLANG_WARN_STRICT_PROTOTYPES = YES;
				CLANG_WARN_SUSPICIOUS_MOVE = YES;
				CLANG_WARN_UNGUARDED_AVAILABILITY = YES_AGGRESSIVE;
				CLANG_WARN_UNREACHABLE_CODE = YES;
				CLANG_WARN__DUPLICATE_METHOD_MATCH = YES;
				CODE_SIGN_IDENTITY = "iPhone Developer";
				COPY_PHASE_STRIP = NO;
				DEBUG_INFORMATION_FORMAT = dwarf;
				ENABLE_STRICT_OBJC_MSGSEND = YES;
				ENABLE_TESTABILITY = YES;
				GCC_C_LANGUAGE_STANDARD = gnu11;
				GCC_DYNAMIC_NO_PIC = NO;
				GCC_NO_COMMON_BLOCKS = YES;
				GCC_OPTIMIZATION_LEVEL = 0;
				GCC_PREPROCESSOR_DEFINITIONS = (
					"DEBUG=1",
					"$(inherited)",
				);
				GCC_WARN_64_TO_32_BIT_CONVERSION = YES;
				GCC_WARN_ABOUT_RETURN_TYPE = YES_ERROR;
				GCC_WARN_UNDECLARED_SELECTOR = YES;
				GCC_WARN_UNINITIALIZED_AUTOS = YES_AGGRESSIVE;
				GCC_WARN_UNUSED_FUNCTION = YES;
				GCC_WARN_UNUSED_VARIABLE = YES;
				IPHONEOS_DEPLOYMENT_TARGET = 10.0;
				MTL_ENABLE_DEBUG_INFO = YES;
				ONLY_ACTIVE_ARCH = YES;
				SDKROOT = iphoneos;
				SWIFT_ACTIVE_COMPILATION_CONDITIONS = DEBUG;
				SWIFT_OPTIMIZATION_LEVEL = "-Onone";
			};
			name = Debug;
		};
		4F6D71171FEAF1490014FC39 /* Release */ = {
			isa = XCBuildConfiguration;
			buildSettings = {
				ALWAYS_SEARCH_USER_PATHS = NO;
				CLANG_ANALYZER_NONNULL = YES;
				CLANG_ANALYZER_NUMBER_OBJECT_CONVERSION = YES_AGGRESSIVE;
				CLANG_CXX_LANGUAGE_STANDARD = "gnu++14";
				CLANG_CXX_LIBRARY = "libc++";
				CLANG_ENABLE_MODULES = YES;
				CLANG_ENABLE_OBJC_ARC = YES;
				CLANG_WARN_BLOCK_CAPTURE_AUTORELEASING = YES;
				CLANG_WARN_BOOL_CONVERSION = YES;
				CLANG_WARN_COMMA = YES;
				CLANG_WARN_CONSTANT_CONVERSION = YES;
				CLANG_WARN_DEPRECATED_OBJC_IMPLEMENTATIONS = YES;
				CLANG_WARN_DIRECT_OBJC_ISA_USAGE = YES_ERROR;
				CLANG_WARN_DOCUMENTATION_COMMENTS = YES;
				CLANG_WARN_EMPTY_BODY = YES;
				CLANG_WARN_ENUM_CONVERSION = YES;
				CLANG_WARN_INFINITE_RECURSION = YES;
				CLANG_WARN_INT_CONVERSION = YES;
				CLANG_WARN_NON_LITERAL_NULL_CONVERSION = YES;
				CLANG_WARN_OBJC_IMPLICIT_RETAIN_SELF = YES;
				CLANG_WARN_OBJC_LITERAL_CONVERSION = YES;
				CLANG_WARN_OBJC_ROOT_CLASS = YES_ERROR;
				CLANG_WARN_RANGE_LOOP_ANALYSIS = YES;
				CLANG_WARN_STRICT_PROTOTYPES = YES;
				CLANG_WARN_SUSPICIOUS_MOVE = YES;
				CLANG_WARN_UNGUARDED_AVAILABILITY = YES_AGGRESSIVE;
				CLANG_WARN_UNREACHABLE_CODE = YES;
				CLANG_WARN__DUPLICATE_METHOD_MATCH = YES;
				CODE_SIGN_IDENTITY = "iPhone Developer";
				COPY_PHASE_STRIP = NO;
				DEBUG_INFORMATION_FORMAT = "dwarf-with-dsym";
				ENABLE_NS_ASSERTIONS = NO;
				ENABLE_STRICT_OBJC_MSGSEND = YES;
				GCC_C_LANGUAGE_STANDARD = gnu11;
				GCC_NO_COMMON_BLOCKS = YES;
				GCC_WARN_64_TO_32_BIT_CONVERSION = YES;
				GCC_WARN_ABOUT_RETURN_TYPE = YES_ERROR;
				GCC_WARN_UNDECLARED_SELECTOR = YES;
				GCC_WARN_UNINITIALIZED_AUTOS = YES_AGGRESSIVE;
				GCC_WARN_UNUSED_FUNCTION = YES;
				GCC_WARN_UNUSED_VARIABLE = YES;
				IPHONEOS_DEPLOYMENT_TARGET = 10.0;
				MTL_ENABLE_DEBUG_INFO = NO;
				SDKROOT = iphoneos;
				SWIFT_OPTIMIZATION_LEVEL = "-Owholemodule";
				VALIDATE_PRODUCT = YES;
			};
			name = Release;
		};
		4F6D71191FEAF1490014FC39 /* Debug */ = {
			isa = XCBuildConfiguration;
			baseConfigurationReference = AE73155B69956D899A87A16B /* Pods-English Words.debug.xcconfig */;
			buildSettings = {
				ASSETCATALOG_COMPILER_APPICON_NAME = AppIcon;
				"CODE_SIGN_IDENTITY[sdk=iphoneos*]" = "iPhone Developer";
				CODE_SIGN_STYLE = Automatic;
				DEVELOPMENT_TEAM = E9WC5VCAQB;
				INFOPLIST_FILE = "$(SRCROOT)/Info.plist";
				IPHONEOS_DEPLOYMENT_TARGET = 11.0;
				LD_RUNPATH_SEARCH_PATHS = "$(inherited) @executable_path/Frameworks";
				PRODUCT_BUNDLE_IDENTIFIER = bokhary.All.English.Words;
				PRODUCT_NAME = "$(TARGET_NAME)";
				PROVISIONING_PROFILE = "";
				PROVISIONING_PROFILE_SPECIFIER = "";
				SWIFT_VERSION = 4.0;
				TARGETED_DEVICE_FAMILY = "1,2";
			};
			name = Debug;
		};
		4F6D711A1FEAF1490014FC39 /* Release */ = {
			isa = XCBuildConfiguration;
			baseConfigurationReference = 35E8AD76A6DFD43E122C7B3E /* Pods-English Words.release.xcconfig */;
			buildSettings = {
				ASSETCATALOG_COMPILER_APPICON_NAME = AppIcon;
				"CODE_SIGN_IDENTITY[sdk=iphoneos*]" = "iPhone Developer";
				CODE_SIGN_STYLE = Automatic;
				DEVELOPMENT_TEAM = E9WC5VCAQB;
				INFOPLIST_FILE = "$(SRCROOT)/Info.plist";
				IPHONEOS_DEPLOYMENT_TARGET = 11.0;
				LD_RUNPATH_SEARCH_PATHS = "$(inherited) @executable_path/Frameworks";
				PRODUCT_BUNDLE_IDENTIFIER = bokhary.All.English.Words;
				PRODUCT_NAME = "$(TARGET_NAME)";
				PROVISIONING_PROFILE = "";
				PROVISIONING_PROFILE_SPECIFIER = "";
				SWIFT_VERSION = 4.0;
				TARGETED_DEVICE_FAMILY = "1,2";
			};
			name = Release;
		};
/* End XCBuildConfiguration section */

/* Begin XCConfigurationList section */
		4F6D71011FEAF1490014FC39 /* Build configuration list for PBXProject "English Words" */ = {
			isa = XCConfigurationList;
			buildConfigurations = (
				4F6D71161FEAF1490014FC39 /* Debug */,
				4F6D71171FEAF1490014FC39 /* Release */,
			);
			defaultConfigurationIsVisible = 0;
			defaultConfigurationName = Release;
		};
		4F6D71181FEAF1490014FC39 /* Build configuration list for PBXNativeTarget "English Words" */ = {
			isa = XCConfigurationList;
			buildConfigurations = (
				4F6D71191FEAF1490014FC39 /* Debug */,
				4F6D711A1FEAF1490014FC39 /* Release */,
			);
			defaultConfigurationIsVisible = 0;
			defaultConfigurationName = Release;
		};
/* End XCConfigurationList section */

/* Begin XCVersionGroup section */
		4FE622B81FF6B7F900C61957 /* RememberedWords.xcdatamodeld */ = {
			isa = XCVersionGroup;
			children = (
				4FE622B91FF6B7F900C61957 /* RememberedWords.xcdatamodel */,
			);
			currentVersion = 4FE622B91FF6B7F900C61957 /* RememberedWords.xcdatamodel */;
			path = RememberedWords.xcdatamodeld;
			sourceTree = "<group>";
			versionGroupType = wrapper.xcdatamodel;
		};
/* End XCVersionGroup section */
	};
	rootObject = 4F6D70FE1FEAF1490014FC39 /* Project object */;
}
